// !$*UTF8*$!
{
	archiveVersion = 1;
	classes = {
	};
	objectVersion = 50;
	objects = {

/* Begin PBXBuildFile section */
		2FA60F9F24F18F18005068A5 /* MDTAlertView.swift in Sources */ = {isa = PBXBuildFile; fileRef = 2FA60F9D24F18F18005068A5 /* MDTAlertView.swift */; };
		2FA60FA024F18F18005068A5 /* MDTAlertViewModel.swift in Sources */ = {isa = PBXBuildFile; fileRef = 2FA60F9E24F18F18005068A5 /* MDTAlertViewModel.swift */; };
		2FA60FA224F191A0005068A5 /* MDTAlert.swift in Sources */ = {isa = PBXBuildFile; fileRef = 2FA60FA124F191A0005068A5 /* MDTAlert.swift */; };
		2FA60FA424F1922D005068A5 /* AlertPosition.swift in Sources */ = {isa = PBXBuildFile; fileRef = 2FA60FA324F1922D005068A5 /* AlertPosition.swift */; };
		2FA60FC524F19BB6005068A5 /* LayoutGuide.swift in Sources */ = {isa = PBXBuildFile; fileRef = 2FA60FC424F19BB6005068A5 /* LayoutGuide.swift */; };
		2FA60FC824F19C51005068A5 /* UIView+LayoutGuide.swift in Sources */ = {isa = PBXBuildFile; fileRef = 2FA60FC724F19C51005068A5 /* UIView+LayoutGuide.swift */; };
		AFB6F1162267510300312A51 /* AppDelegate.swift in Sources */ = {isa = PBXBuildFile; fileRef = AFB6F1152267510300312A51 /* AppDelegate.swift */; };
		AFB6F1182267510300312A51 /* ViewController.swift in Sources */ = {isa = PBXBuildFile; fileRef = AFB6F1172267510300312A51 /* ViewController.swift */; };
		AFB6F11B2267510300312A51 /* Main.storyboard in Resources */ = {isa = PBXBuildFile; fileRef = AFB6F1192267510300312A51 /* Main.storyboard */; };
		AFB6F11D2267510500312A51 /* Assets.xcassets in Resources */ = {isa = PBXBuildFile; fileRef = AFB6F11C2267510500312A51 /* Assets.xcassets */; };
		AFB6F1202267510500312A51 /* LaunchScreen.storyboard in Resources */ = {isa = PBXBuildFile; fileRef = AFB6F11E2267510500312A51 /* LaunchScreen.storyboard */; };
		AFB6F12B2267510500312A51 /* MDTAlertExampleTests.swift in Sources */ = {isa = PBXBuildFile; fileRef = AFB6F12A2267510500312A51 /* MDTAlertExampleTests.swift */; };
/* End PBXBuildFile section */

/* Begin PBXContainerItemProxy section */
		AFB6F1272267510500312A51 /* PBXContainerItemProxy */ = {
			isa = PBXContainerItemProxy;
			containerPortal = AFB6F10A2267510300312A51 /* Project object */;
			proxyType = 1;
			remoteGlobalIDString = AFB6F1112267510300312A51;
			remoteInfo = MDTAlertExample;
		};
/* End PBXContainerItemProxy section */

/* Begin PBXFileReference section */
		2FA60F9D24F18F18005068A5 /* MDTAlertView.swift */ = {isa = PBXFileReference; fileEncoding = 4; lastKnownFileType = sourcecode.swift; path = MDTAlertView.swift; sourceTree = "<group>"; };
		2FA60F9E24F18F18005068A5 /* MDTAlertViewModel.swift */ = {isa = PBXFileReference; fileEncoding = 4; lastKnownFileType = sourcecode.swift; path = MDTAlertViewModel.swift; sourceTree = "<group>"; };
		2FA60FA124F191A0005068A5 /* MDTAlert.swift */ = {isa = PBXFileReference; lastKnownFileType = sourcecode.swift; path = MDTAlert.swift; sourceTree = "<group>"; };
		2FA60FA324F1922D005068A5 /* AlertPosition.swift */ = {isa = PBXFileReference; lastKnownFileType = sourcecode.swift; path = AlertPosition.swift; sourceTree = "<group>"; };
		2FA60FC424F19BB6005068A5 /* LayoutGuide.swift */ = {isa = PBXFileReference; lastKnownFileType = sourcecode.swift; path = LayoutGuide.swift; sourceTree = "<group>"; };
		2FA60FC724F19C51005068A5 /* UIView+LayoutGuide.swift */ = {isa = PBXFileReference; lastKnownFileType = sourcecode.swift; path = "UIView+LayoutGuide.swift"; sourceTree = "<group>"; };
		AFB6F1122267510300312A51 /* MDTAlertExample.app */ = {isa = PBXFileReference; explicitFileType = wrapper.application; includeInIndex = 0; path = MDTAlertExample.app; sourceTree = BUILT_PRODUCTS_DIR; };
		AFB6F1152267510300312A51 /* AppDelegate.swift */ = {isa = PBXFileReference; lastKnownFileType = sourcecode.swift; path = AppDelegate.swift; sourceTree = "<group>"; };
		AFB6F1172267510300312A51 /* ViewController.swift */ = {isa = PBXFileReference; lastKnownFileType = sourcecode.swift; path = ViewController.swift; sourceTree = "<group>"; };
		AFB6F11A2267510300312A51 /* Base */ = {isa = PBXFileReference; lastKnownFileType = file.storyboard; name = Base; path = Base.lproj/Main.storyboard; sourceTree = "<group>"; };
		AFB6F11C2267510500312A51 /* Assets.xcassets */ = {isa = PBXFileReference; lastKnownFileType = folder.assetcatalog; path = Assets.xcassets; sourceTree = "<group>"; };
		AFB6F11F2267510500312A51 /* Base */ = {isa = PBXFileReference; lastKnownFileType = file.storyboard; name = Base; path = Base.lproj/LaunchScreen.storyboard; sourceTree = "<group>"; };
		AFB6F1212267510500312A51 /* Info.plist */ = {isa = PBXFileReference; lastKnownFileType = text.plist.xml; path = Info.plist; sourceTree = "<group>"; };
		AFB6F1262267510500312A51 /* MDTAlertExampleTests.xctest */ = {isa = PBXFileReference; explicitFileType = wrapper.cfbundle; includeInIndex = 0; path = MDTAlertExampleTests.xctest; sourceTree = BUILT_PRODUCTS_DIR; };
		AFB6F12A2267510500312A51 /* MDTAlertExampleTests.swift */ = {isa = PBXFileReference; lastKnownFileType = sourcecode.swift; path = MDTAlertExampleTests.swift; sourceTree = "<group>"; };
		AFB6F12C2267510500312A51 /* Info.plist */ = {isa = PBXFileReference; lastKnownFileType = text.plist.xml; path = Info.plist; sourceTree = "<group>"; };
/* End PBXFileReference section */

/* Begin PBXFrameworksBuildPhase section */
		AFB6F10F2267510300312A51 /* Frameworks */ = {
			isa = PBXFrameworksBuildPhase;
			buildActionMask = 2147483647;
			files = (
			);
			runOnlyForDeploymentPostprocessing = 0;
		};
		AFB6F1232267510500312A51 /* Frameworks */ = {
			isa = PBXFrameworksBuildPhase;
			buildActionMask = 2147483647;
			files = (
			);
			runOnlyForDeploymentPostprocessing = 0;
		};
/* End PBXFrameworksBuildPhase section */

/* Begin PBXGroup section */
		2FA60F9C24F18F18005068A5 /* SourceCode */ = {
			isa = PBXGroup;
			children = (
				2FA60FA124F191A0005068A5 /* MDTAlert.swift */,
				2FA60F9D24F18F18005068A5 /* MDTAlertView.swift */,
				2FA60F9E24F18F18005068A5 /* MDTAlertViewModel.swift */,
				2FA60FA324F1922D005068A5 /* AlertPosition.swift */,
				2FA60FC624F19C2C005068A5 /* Utils */,
			);
			name = SourceCode;
			path = ../../SourceCode;
			sourceTree = "<group>";
		};
		2FA60FC624F19C2C005068A5 /* Utils */ = {
			isa = PBXGroup;
			children = (
				2FA60FC424F19BB6005068A5 /* LayoutGuide.swift */,
				2FA60FC724F19C51005068A5 /* UIView+LayoutGuide.swift */,
			);
			path = Utils;
			sourceTree = "<group>";
		};
		AFB6F1092267510300312A51 = {
			isa = PBXGroup;
			children = (
				AFB6F1142267510300312A51 /* MDTAlertExample */,
				AFB6F1292267510500312A51 /* MDTAlertExampleTests */,
				AFB6F1132267510300312A51 /* Products */,
			);
			sourceTree = "<group>";
		};
		AFB6F1132267510300312A51 /* Products */ = {
			isa = PBXGroup;
			children = (
				AFB6F1122267510300312A51 /* MDTAlertExample.app */,
				AFB6F1262267510500312A51 /* MDTAlertExampleTests.xctest */,
			);
			name = Products;
			sourceTree = "<group>";
		};
		AFB6F1142267510300312A51 /* MDTAlertExample */ = {
			isa = PBXGroup;
			children = (
				2FA60F9C24F18F18005068A5 /* SourceCode */,
				AFB6F1152267510300312A51 /* AppDelegate.swift */,
				AFB6F1172267510300312A51 /* ViewController.swift */,
				AFB6F1192267510300312A51 /* Main.storyboard */,
				AFB6F11C2267510500312A51 /* Assets.xcassets */,
				AFB6F11E2267510500312A51 /* LaunchScreen.storyboard */,
				AFB6F1212267510500312A51 /* Info.plist */,
			);
			path = MDTAlertExample;
			sourceTree = "<group>";
		};
		AFB6F1292267510500312A51 /* MDTAlertExampleTests */ = {
			isa = PBXGroup;
			children = (
				AFB6F12A2267510500312A51 /* MDTAlertExampleTests.swift */,
				AFB6F12C2267510500312A51 /* Info.plist */,
			);
			path = MDTAlertExampleTests;
			sourceTree = "<group>";
		};
/* End PBXGroup section */

/* Begin PBXNativeTarget section */
		AFB6F1112267510300312A51 /* MDTAlertExample */ = {
			isa = PBXNativeTarget;
			buildConfigurationList = AFB6F12F2267510500312A51 /* Build configuration list for PBXNativeTarget "MDTAlertExample" */;
			buildPhases = (
				AFB6F10E2267510300312A51 /* Sources */,
				AFB6F10F2267510300312A51 /* Frameworks */,
				AFB6F1102267510300312A51 /* Resources */,
			);
			buildRules = (
			);
			dependencies = (
			);
			name = MDTAlertExample;
			productName = MDTAlertExample;
			productReference = AFB6F1122267510300312A51 /* MDTAlertExample.app */;
			productType = "com.apple.product-type.application";
		};
		AFB6F1252267510500312A51 /* MDTAlertExampleTests */ = {
			isa = PBXNativeTarget;
			buildConfigurationList = AFB6F1322267510500312A51 /* Build configuration list for PBXNativeTarget "MDTAlertExampleTests" */;
			buildPhases = (
				AFB6F1222267510500312A51 /* Sources */,
				AFB6F1232267510500312A51 /* Frameworks */,
				AFB6F1242267510500312A51 /* Resources */,
			);
			buildRules = (
			);
			dependencies = (
				AFB6F1282267510500312A51 /* PBXTargetDependency */,
			);
			name = MDTAlertExampleTests;
			productName = MDTAlertExampleTests;
			productReference = AFB6F1262267510500312A51 /* MDTAlertExampleTests.xctest */;
			productType = "com.apple.product-type.bundle.unit-test";
		};
/* End PBXNativeTarget section */

/* Begin PBXProject section */
		AFB6F10A2267510300312A51 /* Project object */ = {
			isa = PBXProject;
			attributes = {
				LastSwiftUpdateCheck = 1020;
				LastUpgradeCheck = 1020;
				ORGANIZATIONNAME = MDT;
				TargetAttributes = {
					AFB6F1112267510300312A51 = {
						CreatedOnToolsVersion = 10.2;
					};
					AFB6F1252267510500312A51 = {
						CreatedOnToolsVersion = 10.2;
						TestTargetID = AFB6F1112267510300312A51;
					};
				};
			};
			buildConfigurationList = AFB6F10D2267510300312A51 /* Build configuration list for PBXProject "MDTAlertExample" */;
			compatibilityVersion = "Xcode 9.3";
			developmentRegion = en;
			hasScannedForEncodings = 0;
			knownRegions = (
				en,
				Base,
			);
			mainGroup = AFB6F1092267510300312A51;
			productRefGroup = AFB6F1132267510300312A51 /* Products */;
			projectDirPath = "";
			projectRoot = "";
			targets = (
				AFB6F1112267510300312A51 /* MDTAlertExample */,
				AFB6F1252267510500312A51 /* MDTAlertExampleTests */,
			);
		};
/* End PBXProject section */

/* Begin PBXResourcesBuildPhase section */
		AFB6F1102267510300312A51 /* Resources */ = {
			isa = PBXResourcesBuildPhase;
			buildActionMask = 2147483647;
			files = (
				AFB6F1202267510500312A51 /* LaunchScreen.storyboard in Resources */,
				AFB6F11D2267510500312A51 /* Assets.xcassets in Resources */,
				AFB6F11B2267510300312A51 /* Main.storyboard in Resources */,
			);
			runOnlyForDeploymentPostprocessing = 0;
		};
		AFB6F1242267510500312A51 /* Resources */ = {
			isa = PBXResourcesBuildPhase;
			buildActionMask = 2147483647;
			files = (
			);
			runOnlyForDeploymentPostprocessing = 0;
		};
/* End PBXResourcesBuildPhase section */

/* Begin PBXSourcesBuildPhase section */
		AFB6F10E2267510300312A51 /* Sources */ = {
			isa = PBXSourcesBuildPhase;
			buildActionMask = 2147483647;
			files = (
				2FA60F9F24F18F18005068A5 /* MDTAlertView.swift in Sources */,
				2FA60FA424F1922D005068A5 /* AlertPosition.swift in Sources */,
				2FA60FC524F19BB6005068A5 /* LayoutGuide.swift in Sources */,
				2FA60FC824F19C51005068A5 /* UIView+LayoutGuide.swift in Sources */,
				2FA60FA224F191A0005068A5 /* MDTAlert.swift in Sources */,
				AFB6F1182267510300312A51 /* ViewController.swift in Sources */,
				2FA60FA024F18F18005068A5 /* MDTAlertViewModel.swift in Sources */,
				AFB6F1162267510300312A51 /* AppDelegate.swift in Sources */,
			);
			runOnlyForDeploymentPostprocessing = 0;
		};
		AFB6F1222267510500312A51 /* Sources */ = {
			isa = PBXSourcesBuildPhase;
			buildActionMask = 2147483647;
			files = (
				AFB6F12B2267510500312A51 /* MDTAlertExampleTests.swift in Sources */,
			);
			runOnlyForDeploymentPostprocessing = 0;
		};
/* End PBXSourcesBuildPhase section */

/* Begin PBXTargetDependency section */
		AFB6F1282267510500312A51 /* PBXTargetDependency */ = {
			isa = PBXTargetDependency;
			target = AFB6F1112267510300312A51 /* MDTAlertExample */;
			targetProxy = AFB6F1272267510500312A51 /* PBXContainerItemProxy */;
		};
/* End PBXTargetDependency section */

/* Begin PBXVariantGroup section */
		AFB6F1192267510300312A51 /* Main.storyboard */ = {
			isa = PBXVariantGroup;
			children = (
				AFB6F11A2267510300312A51 /* Base */,
			);
			name = Main.storyboard;
			sourceTree = "<group>";
		};
		AFB6F11E2267510500312A51 /* LaunchScreen.storyboard */ = {
			isa = PBXVariantGroup;
			children = (
				AFB6F11F2267510500312A51 /* Base */,
			);
			name = LaunchScreen.storyboard;
			sourceTree = "<group>";
		};
/* End PBXVariantGroup section */

/* Begin XCBuildConfiguration section */
		AFB6F12D2267510500312A51 /* Debug */ = {
			isa = XCBuildConfiguration;
			buildSettings = {
				ALWAYS_SEARCH_USER_PATHS = NO;
				CLANG_ANALYZER_NONNULL = YES;
				CLANG_ANALYZER_NUMBER_OBJECT_CONVERSION = YES_AGGRESSIVE;
				CLANG_CXX_LANGUAGE_STANDARD = "gnu++14";
				CLANG_CXX_LIBRARY = "libc++";
				CLANG_ENABLE_MODULES = YES;
				CLANG_ENABLE_OBJC_ARC = YES;
				CLANG_ENABLE_OBJC_WEAK = YES;
				CLANG_WARN_BLOCK_CAPTURE_AUTORELEASING = YES;
				CLANG_WARN_BOOL_CONVERSION = YES;
				CLANG_WARN_COMMA = YES;
				CLANG_WARN_CONSTANT_CONVERSION = YES;
				CLANG_WARN_DEPRECATED_OBJC_IMPLEMENTATIONS = YES;
				CLANG_WARN_DIRECT_OBJC_ISA_USAGE = YES_ERROR;
				CLANG_WARN_DOCUMENTATION_COMMENTS = YES;
				CLANG_WARN_EMPTY_BODY = YES;
				CLANG_WARN_ENUM_CONVERSION = YES;
				CLANG_WARN_INFINITE_RECURSION = YES;
				CLANG_WARN_INT_CONVERSION = YES;
				CLANG_WARN_NON_LITERAL_NULL_CONVERSION = YES;
				CLANG_WARN_OBJC_IMPLICIT_RETAIN_SELF = YES;
				CLANG_WARN_OBJC_LITERAL_CONVERSION = YES;
				CLANG_WARN_OBJC_ROOT_CLASS = YES_ERROR;
				CLANG_WARN_RANGE_LOOP_ANALYSIS = YES;
				CLANG_WARN_STRICT_PROTOTYPES = YES;
				CLANG_WARN_SUSPICIOUS_MOVE = YES;
				CLANG_WARN_UNGUARDED_AVAILABILITY = YES_AGGRESSIVE;
				CLANG_WARN_UNREACHABLE_CODE = YES;
				CLANG_WARN__DUPLICATE_METHOD_MATCH = YES;
				CODE_SIGN_IDENTITY = "iPhone Developer";
				COPY_PHASE_STRIP = NO;
				DEBUG_INFORMATION_FORMAT = dwarf;
				ENABLE_STRICT_OBJC_MSGSEND = YES;
				ENABLE_TESTABILITY = YES;
				GCC_C_LANGUAGE_STANDARD = gnu11;
				GCC_DYNAMIC_NO_PIC = NO;
				GCC_NO_COMMON_BLOCKS = YES;
				GCC_OPTIMIZATION_LEVEL = 0;
				GCC_PREPROCESSOR_DEFINITIONS = (
					"DEBUG=1",
					"$(inherited)",
				);
				GCC_WARN_64_TO_32_BIT_CONVERSION = YES;
				GCC_WARN_ABOUT_RETURN_TYPE = YES_ERROR;
				GCC_WARN_UNDECLARED_SELECTOR = YES;
				GCC_WARN_UNINITIALIZED_AUTOS = YES_AGGRESSIVE;
				GCC_WARN_UNUSED_FUNCTION = YES;
				GCC_WARN_UNUSED_VARIABLE = YES;
				IPHONEOS_DEPLOYMENT_TARGET = 12.2;
				MTL_ENABLE_DEBUG_INFO = INCLUDE_SOURCE;
				MTL_FAST_MATH = YES;
				ONLY_ACTIVE_ARCH = YES;
				SDKROOT = iphoneos;
				SWIFT_ACTIVE_COMPILATION_CONDITIONS = DEBUG;
				SWIFT_OPTIMIZATION_LEVEL = "-Onone";
			};
			name = Debug;
		};
		AFB6F12E2267510500312A51 /* Release */ = {
			isa = XCBuildConfiguration;
			buildSettings = {
				ALWAYS_SEARCH_USER_PATHS = NO;
				CLANG_ANALYZER_NONNULL = YES;
				CLANG_ANALYZER_NUMBER_OBJECT_CONVERSION = YES_AGGRESSIVE;
				CLANG_CXX_LANGUAGE_STANDARD = "gnu++14";
				CLANG_CXX_LIBRARY = "libc++";
				CLANG_ENABLE_MODULES = YES;
				CLANG_ENABLE_OBJC_ARC = YES;
				CLANG_ENABLE_OBJC_WEAK = YES;
				CLANG_WARN_BLOCK_CAPTURE_AUTORELEASING = YES;
				CLANG_WARN_BOOL_CONVERSION = YES;
				CLANG_WARN_COMMA = YES;
				CLANG_WARN_CONSTANT_CONVERSION = YES;
				CLANG_WARN_DEPRECATED_OBJC_IMPLEMENTATIONS = YES;
				CLANG_WARN_DIRECT_OBJC_ISA_USAGE = YES_ERROR;
				CLANG_WARN_DOCUMENTATION_COMMENTS = YES;
				CLANG_WARN_EMPTY_BODY = YES;
				CLANG_WARN_ENUM_CONVERSION = YES;
				CLANG_WARN_INFINITE_RECURSION = YES;
				CLANG_WARN_INT_CONVERSION = YES;
				CLANG_WARN_NON_LITERAL_NULL_CONVERSION = YES;
				CLANG_WARN_OBJC_IMPLICIT_RETAIN_SELF = YES;
				CLANG_WARN_OBJC_LITERAL_CONVERSION = YES;
				CLANG_WARN_OBJC_ROOT_CLASS = YES_ERROR;
				CLANG_WARN_RANGE_LOOP_ANALYSIS = YES;
				CLANG_WARN_STRICT_PROTOTYPES = YES;
				CLANG_WARN_SUSPICIOUS_MOVE = YES;
				CLANG_WARN_UNGUARDED_AVAILABILITY = YES_AGGRESSIVE;
				CLANG_WARN_UNREACHABLE_CODE = YES;
				CLANG_WARN__DUPLICATE_METHOD_MATCH = YES;
				CODE_SIGN_IDENTITY = "iPhone Developer";
				COPY_PHASE_STRIP = NO;
				DEBUG_INFORMATION_FORMAT = "dwarf-with-dsym";
				ENABLE_NS_ASSERTIONS = NO;
				ENABLE_STRICT_OBJC_MSGSEND = YES;
				GCC_C_LANGUAGE_STANDARD = gnu11;
				GCC_NO_COMMON_BLOCKS = YES;
				GCC_WARN_64_TO_32_BIT_CONVERSION = YES;
				GCC_WARN_ABOUT_RETURN_TYPE = YES_ERROR;
				GCC_WARN_UNDECLARED_SELECTOR = YES;
				GCC_WARN_UNINITIALIZED_AUTOS = YES_AGGRESSIVE;
				GCC_WARN_UNUSED_FUNCTION = YES;
				GCC_WARN_UNUSED_VARIABLE = YES;
				IPHONEOS_DEPLOYMENT_TARGET = 12.2;
				MTL_ENABLE_DEBUG_INFO = NO;
				MTL_FAST_MATH = YES;
				SDKROOT = iphoneos;
				SWIFT_COMPILATION_MODE = wholemodule;
				SWIFT_OPTIMIZATION_LEVEL = "-O";
				VALIDATE_PRODUCT = YES;
			};
			name = Release;
		};
		AFB6F1302267510500312A51 /* Debug */ = {
			isa = XCBuildConfiguration;
			buildSettings = {
				ASSETCATALOG_COMPILER_APPICON_NAME = AppIcon;
				CODE_SIGN_STYLE = Automatic;
				DEVELOPMENT_TEAM = Q7836M9296;
				INFOPLIST_FILE = MDTAlertExample/Info.plist;
				IPHONEOS_DEPLOYMENT_TARGET = 9.0;
				LD_RUNPATH_SEARCH_PATHS = (
					"$(inherited)",
					"@executable_path/Frameworks",
				);
				PRODUCT_BUNDLE_IDENTIFIER = br.com.mdt.MDTAlert;
				PRODUCT_NAME = "$(TARGET_NAME)";
				SWIFT_VERSION = 5.0;
				TARGETED_DEVICE_FAMILY = "1,2";
			};
			name = Debug;
		};
		AFB6F1312267510500312A51 /* Release */ = {
			isa = XCBuildConfiguration;
			buildSettings = {
				ASSETCATALOG_COMPILER_APPICON_NAME = AppIcon;
				CODE_SIGN_STYLE = Automatic;
				DEVELOPMENT_TEAM = Q7836M9296;
				INFOPLIST_FILE = MDTAlertExample/Info.plist;
				IPHONEOS_DEPLOYMENT_TARGET = 9.0;
				LD_RUNPATH_SEARCH_PATHS = (
					"$(inherited)",
					"@executable_path/Frameworks",
				);
				PRODUCT_BUNDLE_IDENTIFIER = br.com.mdt.MDTAlert;
				PRODUCT_NAME = "$(TARGET_NAME)";
				SWIFT_VERSION = 5.0;
				TARGETED_DEVICE_FAMILY = "1,2";
			};
			name = Release;
		};
		AFB6F1332267510500312A51 /* Debug */ = {
			isa = XCBuildConfiguration;
			buildSettings = {
				ALWAYS_EMBED_SWIFT_STANDARD_LIBRARIES = YES;
				BUNDLE_LOADER = "$(TEST_HOST)";
				CODE_SIGN_STYLE = Automatic;
				DEVELOPMENT_TEAM = 75Q35KU859;
				INFOPLIST_FILE = MDTAlertExampleTests/Info.plist;
				LD_RUNPATH_SEARCH_PATHS = (
					"$(inherited)",
					"@executable_path/Frameworks",
					"@loader_path/Frameworks",
				);
				PRODUCT_BUNDLE_IDENTIFIER = br.com.mdt.MDTAlertExampleTests;
				PRODUCT_NAME = "$(TARGET_NAME)";
				SWIFT_VERSION = 5.0;
				TARGETED_DEVICE_FAMILY = "1,2";
				TEST_HOST = "$(BUILT_PRODUCTS_DIR)/MDTAlertExample.app/MDTAlertExample";
			};
			name = Debug;
		};
		AFB6F1342267510500312A51 /* Release */ = {
			isa = XCBuildConfiguration;
			buildSettings = {
				ALWAYS_EMBED_SWIFT_STANDARD_LIBRARIES = YES;
				BUNDLE_LOADER = "$(TEST_HOST)";
				CODE_SIGN_STYLE = Automatic;
				DEVELOPMENT_TEAM = 75Q35KU859;
				INFOPLIST_FILE = MDTAlertExampleTests/Info.plist;
				LD_RUNPATH_SEARCH_PATHS = (
					"$(inherited)",
					"@executable_path/Frameworks",
					"@loader_path/Frameworks",
				);
				PRODUCT_BUNDLE_IDENTIFIER = br.com.mdt.MDTAlertExampleTests;
				PRODUCT_NAME = "$(TARGET_NAME)";
				SWIFT_VERSION = 5.0;
				TARGETED_DEVICE_FAMILY = "1,2";
				TEST_HOST = "$(BUILT_PRODUCTS_DIR)/MDTAlertExample.app/MDTAlertExample";
			};
			name = Release;
		};
/* End XCBuildConfiguration section */

/* Begin XCConfigurationList section */
		AFB6F10D2267510300312A51 /* Build configuration list for PBXProject "MDTAlertExample" */ = {
			isa = XCConfigurationList;
			buildConfigurations = (
				AFB6F12D2267510500312A51 /* Debug */,
				AFB6F12E2267510500312A51 /* Release */,
			);
			defaultConfigurationIsVisible = 0;
			defaultConfigurationName = Release;
		};
		AFB6F12F2267510500312A51 /* Build configuration list for PBXNativeTarget "MDTAlertExample" */ = {
			isa = XCConfigurationList;
			buildConfigurations = (
				AFB6F1302267510500312A51 /* Debug */,
				AFB6F1312267510500312A51 /* Release */,
			);
			defaultConfigurationIsVisible = 0;
			defaultConfigurationName = Release;
		};
		AFB6F1322267510500312A51 /* Build configuration list for PBXNativeTarget "MDTAlertExampleTests" */ = {
			isa = XCConfigurationList;
			buildConfigurations = (
				AFB6F1332267510500312A51 /* Debug */,
				AFB6F1342267510500312A51 /* Release */,
			);
			defaultConfigurationIsVisible = 0;
			defaultConfigurationName = Release;
		};
/* End XCConfigurationList section */
	};
	rootObject = AFB6F10A2267510300312A51 /* Project object */;
}
